
Microsoft Visual Studio Solution File, Format Version 12.00
# Visual Studio Version 17
VisualStudioVersion = 17.4.33213.308
MinimumVisualStudioVersion = 10.0.40219.1
Project("{FAE04EC0-301F-11D3-BF4B-00C04F79EFBC}") = "KevinDornellasAPI", "KevinDornellasAPI\KevinDornellasAPI.csproj", "{9B133665-6B22-40F8-86FF-7B33D5ED18B5}"
EndProject
Global
	GlobalSection(SolutionConfigurationPlatforms) = preSolution
		Debug|Any CPU = Debug|Any CPU
		Release|Any CPU = Release|Any CPU
	EndGlobalSection
	GlobalSection(ProjectConfigurationPlatforms) = postSolution
		{9B133665-6B22-40F8-86FF-7B33D5ED18B5}.Debug|Any CPU.ActiveCfg = Debug|Any CPU
		{9B133665-6B22-40F8-86FF-7B33D5ED18B5}.Debug|Any CPU.Build.0 = Debug|Any CPU
		{9B133665-6B22-40F8-86FF-7B33D5ED18B5}.Release|Any CPU.ActiveCfg = Release|Any CPU
		{9B133665-6B22-40F8-86FF-7B33D5ED18B5}.Release|Any CPU.Build.0 = Release|Any CPU
	EndGlobalSection
	GlobalSection(SolutionProperties) = preSolution
		HideSolutionNode = FALSE
	EndGlobalSection
	GlobalSection(ExtensibilityGlobals) = postSolution
		SolutionGuid = {3748F68B-8530-4541-9348-2DAF2E2546DF}
	EndGlobalSection
EndGlobal
